
Microsoft Visual Studio Solution File, Format Version 12.00
# Visual Studio 15
VisualStudioVersion = 15.0.27703.2042
MinimumVisualStudioVersion = 10.0.40219.1
Project("{FAE04EC0-301F-11D3-BF4B-00C04F79EFBC}") = "SMS", "SMS\SMS.csproj", "{8BBCFC57-03CC-41F2-BEA2-C2295E4DBD1E}"
EndProject
Global
	GlobalSection(SolutionConfigurationPlatforms) = preSolution
		Debug|Any CPU = Debug|Any CPU
		Release|Any CPU = Release|Any CPU
	EndGlobalSection
	GlobalSection(ProjectConfigurationPlatforms) = postSolution
		{8BBCFC57-03CC-41F2-BEA2-C2295E4DBD1E}.Debug|Any CPU.ActiveCfg = Debug|Any CPU
		{8BBCFC57-03CC-41F2-BEA2-C2295E4DBD1E}.Debug|Any CPU.Build.0 = Debug|Any CPU
		{8BBCFC57-03CC-41F2-BEA2-C2295E4DBD1E}.Release|Any CPU.ActiveCfg = Release|Any CPU
		{8BBCFC57-03CC-41F2-BEA2-C2295E4DBD1E}.Release|Any CPU.Build.0 = Release|Any CPU
	EndGlobalSection
	GlobalSection(SolutionProperties) = preSolution
		HideSolutionNode = FALSE
	EndGlobalSection
	GlobalSection(ExtensibilityGlobals) = postSolution
		SolutionGuid = {AA6516BC-9E20-47EA-B421-C2254B2C87FB}
	EndGlobalSection
EndGlobal
